// !$*UTF8*$!
{
	archiveVersion = 1;
	classes = {
	};
	objectVersion = 56;
	objects = {

/* Begin PBXBuildFile section */
		093FE0772B67BE8A00846946 /* AppDelegate.swift in Sources */ = {isa = PBXBuildFile; fileRef = 093FE0762B67BE8A00846946 /* AppDelegate.swift */; };
		093FE0792B67BE8A00846946 /* SceneDelegate.swift in Sources */ = {isa = PBXBuildFile; fileRef = 093FE0782B67BE8A00846946 /* SceneDelegate.swift */; };
		093FE07B2B67BE8A00846946 /* ViewController.swift in Sources */ = {isa = PBXBuildFile; fileRef = 093FE07A2B67BE8A00846946 /* ViewController.swift */; };
		093FE0802B67BE8C00846946 /* Assets.xcassets in Resources */ = {isa = PBXBuildFile; fileRef = 093FE07F2B67BE8C00846946 /* Assets.xcassets */; };
		093FE0832B67BE8C00846946 /* LaunchScreen.storyboard in Resources */ = {isa = PBXBuildFile; fileRef = 093FE0812B67BE8C00846946 /* LaunchScreen.storyboard */; };
		093FE08B2B67CE3D00846946 /* CollectionViewCell.swift in Sources */ = {isa = PBXBuildFile; fileRef = 093FE08A2B67CE3D00846946 /* CollectionViewCell.swift */; };
		09988F062B6F68A400D68D57 /* AppListModel.swift in Sources */ = {isa = PBXBuildFile; fileRef = 09988F052B6F68A400D68D57 /* AppListModel.swift */; };
		09988F082B6F68E000D68D57 /* AppListStore.swift in Sources */ = {isa = PBXBuildFile; fileRef = 09988F072B6F68E000D68D57 /* AppListStore.swift */; };
		09AE77CD2B6BCB33006D7C85 /* MapNetwork.swift in Sources */ = {isa = PBXBuildFile; fileRef = 09AE77CC2B6BCB33006D7C85 /* MapNetwork.swift */; };
		09AE77CF2B6BCBA5006D7C85 /* WeatherNetwork.swift in Sources */ = {isa = PBXBuildFile; fileRef = 09AE77CE2B6BCBA5006D7C85 /* WeatherNetwork.swift */; };
		09AE77D12B6C60A7006D7C85 /* BaseLabel.swift in Sources */ = {isa = PBXBuildFile; fileRef = 09AE77D02B6C60A7006D7C85 /* BaseLabel.swift */; };
		09E5A4F62B6DE04E007AA4DA /* BaseImageView.swift in Sources */ = {isa = PBXBuildFile; fileRef = 09E5A4F52B6DE04E007AA4DA /* BaseImageView.swift */; };
		09E5A4F82B6E894C007AA4DA /* SettingViewController.swift in Sources */ = {isa = PBXBuildFile; fileRef = 09E5A4F72B6E894C007AA4DA /* SettingViewController.swift */; };
		09E5A4FA2B6E8DD9007AA4DA /* TableViewCell.swift in Sources */ = {isa = PBXBuildFile; fileRef = 09E5A4F92B6E8DD9007AA4DA /* TableViewCell.swift */; };
/* End PBXBuildFile section */

/* Begin PBXFileReference section */
		093FE0732B67BE8A00846946 /* LandscapeView.app */ = {isa = PBXFileReference; explicitFileType = wrapper.application; includeInIndex = 0; path = LandscapeView.app; sourceTree = BUILT_PRODUCTS_DIR; };
		093FE0762B67BE8A00846946 /* AppDelegate.swift */ = {isa = PBXFileReference; lastKnownFileType = sourcecode.swift; path = AppDelegate.swift; sourceTree = "<group>"; };
		093FE0782B67BE8A00846946 /* SceneDelegate.swift */ = {isa = PBXFileReference; lastKnownFileType = sourcecode.swift; path = SceneDelegate.swift; sourceTree = "<group>"; };
		093FE07A2B67BE8A00846946 /* ViewController.swift */ = {isa = PBXFileReference; lastKnownFileType = sourcecode.swift; path = ViewController.swift; sourceTree = "<group>"; };
		093FE07F2B67BE8C00846946 /* Assets.xcassets */ = {isa = PBXFileReference; lastKnownFileType = folder.assetcatalog; path = Assets.xcassets; sourceTree = "<group>"; };
		093FE0822B67BE8C00846946 /* Base */ = {isa = PBXFileReference; lastKnownFileType = file.storyboard; name = Base; path = Base.lproj/LaunchScreen.storyboard; sourceTree = "<group>"; };
		093FE0842B67BE8C00846946 /* Info.plist */ = {isa = PBXFileReference; lastKnownFileType = text.plist.xml; path = Info.plist; sourceTree = "<group>"; };
		093FE08A2B67CE3D00846946 /* CollectionViewCell.swift */ = {isa = PBXFileReference; lastKnownFileType = sourcecode.swift; path = CollectionViewCell.swift; sourceTree = "<group>"; };
		09988F052B6F68A400D68D57 /* AppListModel.swift */ = {isa = PBXFileReference; lastKnownFileType = sourcecode.swift; path = AppListModel.swift; sourceTree = "<group>"; };
		09988F072B6F68E000D68D57 /* AppListStore.swift */ = {isa = PBXFileReference; lastKnownFileType = sourcecode.swift; path = AppListStore.swift; sourceTree = "<group>"; };
		09AE77CC2B6BCB33006D7C85 /* MapNetwork.swift */ = {isa = PBXFileReference; lastKnownFileType = sourcecode.swift; path = MapNetwork.swift; sourceTree = "<group>"; };
		09AE77CE2B6BCBA5006D7C85 /* WeatherNetwork.swift */ = {isa = PBXFileReference; lastKnownFileType = sourcecode.swift; path = WeatherNetwork.swift; sourceTree = "<group>"; };
		09AE77D02B6C60A7006D7C85 /* BaseLabel.swift */ = {isa = PBXFileReference; lastKnownFileType = sourcecode.swift; path = BaseLabel.swift; sourceTree = "<group>"; };
		09E5A4F52B6DE04E007AA4DA /* BaseImageView.swift */ = {isa = PBXFileReference; lastKnownFileType = sourcecode.swift; path = BaseImageView.swift; sourceTree = "<group>"; };
		09E5A4F72B6E894C007AA4DA /* SettingViewController.swift */ = {isa = PBXFileReference; lastKnownFileType = sourcecode.swift; path = SettingViewController.swift; sourceTree = "<group>"; };
		09E5A4F92B6E8DD9007AA4DA /* TableViewCell.swift */ = {isa = PBXFileReference; lastKnownFileType = sourcecode.swift; path = TableViewCell.swift; sourceTree = "<group>"; };
/* End PBXFileReference section */

/* Begin PBXFrameworksBuildPhase section */
		093FE0702B67BE8A00846946 /* Frameworks */ = {
			isa = PBXFrameworksBuildPhase;
			buildActionMask = 2147483647;
			files = (
			);
			runOnlyForDeploymentPostprocessing = 0;
		};
/* End PBXFrameworksBuildPhase section */

/* Begin PBXGroup section */
		093FE06A2B67BE8A00846946 = {
			isa = PBXGroup;
			children = (
				093FE0752B67BE8A00846946 /* LandscapeView */,
				093FE0742B67BE8A00846946 /* Products */,
			);
			sourceTree = "<group>";
		};
		093FE0742B67BE8A00846946 /* Products */ = {
			isa = PBXGroup;
			children = (
				093FE0732B67BE8A00846946 /* LandscapeView.app */,
			);
			name = Products;
			sourceTree = "<group>";
		};
		093FE0752B67BE8A00846946 /* LandscapeView */ = {
			isa = PBXGroup;
			children = (
				093FE0762B67BE8A00846946 /* AppDelegate.swift */,
				093FE0782B67BE8A00846946 /* SceneDelegate.swift */,
				093FE07A2B67BE8A00846946 /* ViewController.swift */,
				09E5A4F72B6E894C007AA4DA /* SettingViewController.swift */,
				09AE77D02B6C60A7006D7C85 /* BaseLabel.swift */,
				09E5A4F52B6DE04E007AA4DA /* BaseImageView.swift */,
				093FE07F2B67BE8C00846946 /* Assets.xcassets */,
				093FE0812B67BE8C00846946 /* LaunchScreen.storyboard */,
				093FE0842B67BE8C00846946 /* Info.plist */,
				093FE08A2B67CE3D00846946 /* CollectionViewCell.swift */,
				09E5A4F92B6E8DD9007AA4DA /* TableViewCell.swift */,
				09AE77CC2B6BCB33006D7C85 /* MapNetwork.swift */,
				09AE77CE2B6BCBA5006D7C85 /* WeatherNetwork.swift */,
				09988F052B6F68A400D68D57 /* AppListModel.swift */,
				09988F072B6F68E000D68D57 /* AppListStore.swift */,
			);
			path = LandscapeView;
			sourceTree = "<group>";
		};
/* End PBXGroup section */

/* Begin PBXNativeTarget section */
		093FE0722B67BE8A00846946 /* LandscapeView */ = {
			isa = PBXNativeTarget;
			buildConfigurationList = 093FE0872B67BE8C00846946 /* Build configuration list for PBXNativeTarget "LandscapeView" */;
			buildPhases = (
				093FE06F2B67BE8A00846946 /* Sources */,
				093FE0702B67BE8A00846946 /* Frameworks */,
				093FE0712B67BE8A00846946 /* Resources */,
			);
			buildRules = (
			);
			dependencies = (
			);
			name = LandscapeView;
			productName = LandscapeView;
			productReference = 093FE0732B67BE8A00846946 /* LandscapeView.app */;
			productType = "com.apple.product-type.application";
		};
/* End PBXNativeTarget section */

/* Begin PBXProject section */
		093FE06B2B67BE8A00846946 /* Project object */ = {
			isa = PBXProject;
			attributes = {
				BuildIndependentTargetsInParallel = 1;
				LastSwiftUpdateCheck = 1520;
				LastUpgradeCheck = 1520;
				TargetAttributes = {
					093FE0722B67BE8A00846946 = {
						CreatedOnToolsVersion = 15.2;
					};
				};
			};
			buildConfigurationList = 093FE06E2B67BE8A00846946 /* Build configuration list for PBXProject "LandscapeView" */;
			compatibilityVersion = "Xcode 14.0";
			developmentRegion = en;
			hasScannedForEncodings = 0;
			knownRegions = (
				en,
				Base,
			);
			mainGroup = 093FE06A2B67BE8A00846946;
			productRefGroup = 093FE0742B67BE8A00846946 /* Products */;
			projectDirPath = "";
			projectRoot = "";
			targets = (
				093FE0722B67BE8A00846946 /* LandscapeView */,
			);
		};
/* End PBXProject section */

/* Begin PBXResourcesBuildPhase section */
		093FE0712B67BE8A00846946 /* Resources */ = {
			isa = PBXResourcesBuildPhase;
			buildActionMask = 2147483647;
			files = (
				093FE0832B67BE8C00846946 /* LaunchScreen.storyboard in Resources */,
				093FE0802B67BE8C00846946 /* Assets.xcassets in Resources */,
			);
			runOnlyForDeploymentPostprocessing = 0;
		};
/* End PBXResourcesBuildPhase section */

/* Begin PBXSourcesBuildPhase section */
		093FE06F2B67BE8A00846946 /* Sources */ = {
			isa = PBXSourcesBuildPhase;
			buildActionMask = 2147483647;
			files = (
				093FE07B2B67BE8A00846946 /* ViewController.swift in Sources */,
				093FE0772B67BE8A00846946 /* AppDelegate.swift in Sources */,
				093FE08B2B67CE3D00846946 /* CollectionViewCell.swift in Sources */,
				09AE77CF2B6BCBA5006D7C85 /* WeatherNetwork.swift in Sources */,
				09AE77CD2B6BCB33006D7C85 /* MapNetwork.swift in Sources */,
				09E5A4FA2B6E8DD9007AA4DA /* TableViewCell.swift in Sources */,
				09E5A4F82B6E894C007AA4DA /* SettingViewController.swift in Sources */,
				09AE77D12B6C60A7006D7C85 /* BaseLabel.swift in Sources */,
				09988F062B6F68A400D68D57 /* AppListModel.swift in Sources */,
				093FE0792B67BE8A00846946 /* SceneDelegate.swift in Sources */,
				09E5A4F62B6DE04E007AA4DA /* BaseImageView.swift in Sources */,
				09988F082B6F68E000D68D57 /* AppListStore.swift in Sources */,
			);
			runOnlyForDeploymentPostprocessing = 0;
		};
/* End PBXSourcesBuildPhase section */

/* Begin PBXVariantGroup section */
		093FE0812B67BE8C00846946 /* LaunchScreen.storyboard */ = {
			isa = PBXVariantGroup;
			children = (
				093FE0822B67BE8C00846946 /* Base */,
			);
			name = LaunchScreen.storyboard;
			sourceTree = "<group>";
		};
/* End PBXVariantGroup section */

/* Begin XCBuildConfiguration section */
		093FE0852B67BE8C00846946 /* Debug */ = {
			isa = XCBuildConfiguration;
			buildSettings = {
				ALWAYS_SEARCH_USER_PATHS = NO;
				ASSETCATALOG_COMPILER_GENERATE_SWIFT_ASSET_SYMBOL_EXTENSIONS = YES;
				CLANG_ANALYZER_NONNULL = YES;
				CLANG_ANALYZER_NUMBER_OBJECT_CONVERSION = YES_AGGRESSIVE;
				CLANG_CXX_LANGUAGE_STANDARD = "gnu++20";
				CLANG_ENABLE_MODULES = YES;
				CLANG_ENABLE_OBJC_ARC = YES;
				CLANG_ENABLE_OBJC_WEAK = YES;
				CLANG_WARN_BLOCK_CAPTURE_AUTORELEASING = YES;
				CLANG_WARN_BOOL_CONVERSION = YES;
				CLANG_WARN_COMMA = YES;
				CLANG_WARN_CONSTANT_CONVERSION = YES;
				CLANG_WARN_DEPRECATED_OBJC_IMPLEMENTATIONS = YES;
				CLANG_WARN_DIRECT_OBJC_ISA_USAGE = YES_ERROR;
				CLANG_WARN_DOCUMENTATION_COMMENTS = YES;
				CLANG_WARN_EMPTY_BODY = YES;
				CLANG_WARN_ENUM_CONVERSION = YES;
				CLANG_WARN_INFINITE_RECURSION = YES;
				CLANG_WARN_INT_CONVERSION = YES;
				CLANG_WARN_NON_LITERAL_NULL_CONVERSION = YES;
				CLANG_WARN_OBJC_IMPLICIT_RETAIN_SELF = YES;
				CLANG_WARN_OBJC_LITERAL_CONVERSION = YES;
				CLANG_WARN_OBJC_ROOT_CLASS = YES_ERROR;
				CLANG_WARN_QUOTED_INCLUDE_IN_FRAMEWORK_HEADER = YES;
				CLANG_WARN_RANGE_LOOP_ANALYSIS = YES;
				CLANG_WARN_STRICT_PROTOTYPES = YES;
				CLANG_WARN_SUSPICIOUS_MOVE = YES;
				CLANG_WARN_UNGUARDED_AVAILABILITY = YES_AGGRESSIVE;
				CLANG_WARN_UNREACHABLE_CODE = YES;
				CLANG_WARN__DUPLICATE_METHOD_MATCH = YES;
				COPY_PHASE_STRIP = NO;
				DEBUG_INFORMATION_FORMAT = dwarf;
				ENABLE_STRICT_OBJC_MSGSEND = YES;
				ENABLE_TESTABILITY = YES;
				ENABLE_USER_SCRIPT_SANDBOXING = YES;
				GCC_C_LANGUAGE_STANDARD = gnu17;
				GCC_DYNAMIC_NO_PIC = NO;
				GCC_NO_COMMON_BLOCKS = YES;
				GCC_OPTIMIZATION_LEVEL = 0;
				GCC_PREPROCESSOR_DEFINITIONS = (
					"DEBUG=1",
					"$(inherited)",
				);
				GCC_WARN_64_TO_32_BIT_CONVERSION = YES;
				GCC_WARN_ABOUT_RETURN_TYPE = YES_ERROR;
				GCC_WARN_UNDECLARED_SELECTOR = YES;
				GCC_WARN_UNINITIALIZED_AUTOS = YES_AGGRESSIVE;
				GCC_WARN_UNUSED_FUNCTION = YES;
				GCC_WARN_UNUSED_VARIABLE = YES;
				IPHONEOS_DEPLOYMENT_TARGET = 17.2;
				LOCALIZATION_PREFERS_STRING_CATALOGS = YES;
				MTL_ENABLE_DEBUG_INFO = INCLUDE_SOURCE;
				MTL_FAST_MATH = YES;
				ONLY_ACTIVE_ARCH = YES;
				SDKROOT = iphoneos;
				SWIFT_ACTIVE_COMPILATION_CONDITIONS = "DEBUG $(inherited)";
				SWIFT_OPTIMIZATION_LEVEL = "-Onone";
			};
			name = Debug;
		};
		093FE0862B67BE8C00846946 /* Release */ = {
			isa = XCBuildConfiguration;
			buildSettings = {
				ALWAYS_SEARCH_USER_PATHS = NO;
				ASSETCATALOG_COMPILER_GENERATE_SWIFT_ASSET_SYMBOL_EXTENSIONS = YES;
				CLANG_ANALYZER_NONNULL = YES;
				CLANG_ANALYZER_NUMBER_OBJECT_CONVERSION = YES_AGGRESSIVE;
				CLANG_CXX_LANGUAGE_STANDARD = "gnu++20";
				CLANG_ENABLE_MODULES = YES;
				CLANG_ENABLE_OBJC_ARC = YES;
				CLANG_ENABLE_OBJC_WEAK = YES;
				CLANG_WARN_BLOCK_CAPTURE_AUTORELEASING = YES;
				CLANG_WARN_BOOL_CONVERSION = YES;
				CLANG_WARN_COMMA = YES;
				CLANG_WARN_CONSTANT_CONVERSION = YES;
				CLANG_WARN_DEPRECATED_OBJC_IMPLEMENTATIONS = YES;
				CLANG_WARN_DIRECT_OBJC_ISA_USAGE = YES_ERROR;
				CLANG_WARN_DOCUMENTATION_COMMENTS = YES;
				CLANG_WARN_EMPTY_BODY = YES;
				CLANG_WARN_ENUM_CONVERSION = YES;
				CLANG_WARN_INFINITE_RECURSION = YES;
				CLANG_WARN_INT_CONVERSION = YES;
				CLANG_WARN_NON_LITERAL_NULL_CONVERSION = YES;
				CLANG_WARN_OBJC_IMPLICIT_RETAIN_SELF = YES;
				CLANG_WARN_OBJC_LITERAL_CONVERSION = YES;
				CLANG_WARN_OBJC_ROOT_CLASS = YES_ERROR;
				CLANG_WARN_QUOTED_INCLUDE_IN_FRAMEWORK_HEADER = YES;
				CLANG_WARN_RANGE_LOOP_ANALYSIS = YES;
				CLANG_WARN_STRICT_PROTOTYPES = YES;
				CLANG_WARN_SUSPICIOUS_MOVE = YES;
				CLANG_WARN_UNGUARDED_AVAILABILITY = YES_AGGRESSIVE;
				CLANG_WARN_UNREACHABLE_CODE = YES;
				CLANG_WARN__DUPLICATE_METHOD_MATCH = YES;
				COPY_PHASE_STRIP = NO;
				DEBUG_INFORMATION_FORMAT = "dwarf-with-dsym";
				ENABLE_NS_ASSERTIONS = NO;
				ENABLE_STRICT_OBJC_MSGSEND = YES;
				ENABLE_USER_SCRIPT_SANDBOXING = YES;
				GCC_C_LANGUAGE_STANDARD = gnu17;
				GCC_NO_COMMON_BLOCKS = YES;
				GCC_WARN_64_TO_32_BIT_CONVERSION = YES;
				GCC_WARN_ABOUT_RETURN_TYPE = YES_ERROR;
				GCC_WARN_UNDECLARED_SELECTOR = YES;
				GCC_WARN_UNINITIALIZED_AUTOS = YES_AGGRESSIVE;
				GCC_WARN_UNUSED_FUNCTION = YES;
				GCC_WARN_UNUSED_VARIABLE = YES;
				IPHONEOS_DEPLOYMENT_TARGET = 17.2;
				LOCALIZATION_PREFERS_STRING_CATALOGS = YES;
				MTL_ENABLE_DEBUG_INFO = NO;
				MTL_FAST_MATH = YES;
				SDKROOT = iphoneos;
				SWIFT_COMPILATION_MODE = wholemodule;
				VALIDATE_PRODUCT = YES;
			};
			name = Release;
		};
		093FE0882B67BE8C00846946 /* Debug */ = {
			isa = XCBuildConfiguration;
			buildSettings = {
				ASSETCATALOG_COMPILER_APPICON_NAME = AppIcon;
				ASSETCATALOG_COMPILER_GLOBAL_ACCENT_COLOR_NAME = AccentColor;
				CODE_SIGN_STYLE = Automatic;
				CURRENT_PROJECT_VERSION = 1;
				DEVELOPMENT_TEAM = R3VHXN24RU;
				GENERATE_INFOPLIST_FILE = YES;
				INFOPLIST_FILE = LandscapeView/Info.plist;
				INFOPLIST_KEY_UIApplicationSupportsIndirectInputEvents = YES;
				INFOPLIST_KEY_UILaunchStoryboardName = LaunchScreen;
				INFOPLIST_KEY_UISupportedInterfaceOrientations = "UIInterfaceOrientationLandscapeLeft UIInterfaceOrientationLandscapeRight";
				INFOPLIST_KEY_UISupportedInterfaceOrientations_iPad = "UIInterfaceOrientationLandscapeLeft UIInterfaceOrientationLandscapeRight UIInterfaceOrientationPortrait UIInterfaceOrientationPortraitUpsideDown";
				LD_RUNPATH_SEARCH_PATHS = (
					"$(inherited)",
					"@executable_path/Frameworks",
				);
				MARKETING_VERSION = 1.0;
				PRODUCT_BUNDLE_IDENTIFIER = com.jjw8959.LandscapeView;
				PRODUCT_NAME = "$(TARGET_NAME)";
				SUPPORTED_PLATFORMS = "iphoneos iphonesimulator";
				SUPPORTS_MACCATALYST = NO;
				SUPPORTS_MAC_DESIGNED_FOR_IPHONE_IPAD = NO;
				SUPPORTS_XR_DESIGNED_FOR_IPHONE_IPAD = NO;
				SWIFT_EMIT_LOC_STRINGS = YES;
				SWIFT_VERSION = 5.0;
				TARGETED_DEVICE_FAMILY = "1,2";
			};
			name = Debug;
		};
		093FE0892B67BE8C00846946 /* Release */ = {
			isa = XCBuildConfiguration;
			buildSettings = {
				ASSETCATALOG_COMPILER_APPICON_NAME = AppIcon;
				ASSETCATALOG_COMPILER_GLOBAL_ACCENT_COLOR_NAME = AccentColor;
				CODE_SIGN_STYLE = Automatic;
				CURRENT_PROJECT_VERSION = 1;
				DEVELOPMENT_TEAM = R3VHXN24RU;
				GENERATE_INFOPLIST_FILE = YES;
				INFOPLIST_FILE = LandscapeView/Info.plist;
				INFOPLIST_KEY_UIApplicationSupportsIndirectInputEvents = YES;
				INFOPLIST_KEY_UILaunchStoryboardName = LaunchScreen;
				INFOPLIST_KEY_UISupportedInterfaceOrientations = "UIInterfaceOrientationLandscapeLeft UIInterfaceOrientationLandscapeRight";
				INFOPLIST_KEY_UISupportedInterfaceOrientations_iPad = "UIInterfaceOrientationLandscapeLeft UIInterfaceOrientationLandscapeRight UIInterfaceOrientationPortrait UIInterfaceOrientationPortraitUpsideDown";
				LD_RUNPATH_SEARCH_PATHS = (
					"$(inherited)",
					"@executable_path/Frameworks",
				);
				MARKETING_VERSION = 1.0;
				PRODUCT_BUNDLE_IDENTIFIER = com.jjw8959.LandscapeView;
				PRODUCT_NAME = "$(TARGET_NAME)";
				SUPPORTED_PLATFORMS = "iphoneos iphonesimulator";
				SUPPORTS_MACCATALYST = NO;
				SUPPORTS_MAC_DESIGNED_FOR_IPHONE_IPAD = NO;
				SUPPORTS_XR_DESIGNED_FOR_IPHONE_IPAD = NO;
				SWIFT_EMIT_LOC_STRINGS = YES;
				SWIFT_VERSION = 5.0;
				TARGETED_DEVICE_FAMILY = "1,2";
			};
			name = Release;
		};
/* End XCBuildConfiguration section */

/* Begin XCConfigurationList section */
		093FE06E2B67BE8A00846946 /* Build configuration list for PBXProject "LandscapeView" */ = {
			isa = XCConfigurationList;
			buildConfigurations = (
				093FE0852B67BE8C00846946 /* Debug */,
				093FE0862B67BE8C00846946 /* Release */,
			);
			defaultConfigurationIsVisible = 0;
			defaultConfigurationName = Release;
		};
		093FE0872B67BE8C00846946 /* Build configuration list for PBXNativeTarget "LandscapeView" */ = {
			isa = XCConfigurationList;
			buildConfigurations = (
				093FE0882B67BE8C00846946 /* Debug */,
				093FE0892B67BE8C00846946 /* Release */,
			);
			defaultConfigurationIsVisible = 0;
			defaultConfigurationName = Release;
		};
/* End XCConfigurationList section */
	};
	rootObject = 093FE06B2B67BE8A00846946 /* Project object */;
}
